
Microsoft Visual Studio Solution File, Format Version 12.00
# Visual Studio Version 17
VisualStudioVersion = 17.5.33414.496
MinimumVisualStudioVersion = 10.0.40219.1
Project("{FAE04EC0-301F-11D3-BF4B-00C04F79EFBC}") = "EduroamConfigure", "EduroamConfigure\EduroamConfigure.csproj", "{8D2C283D-5868-4329-B86E-060ADF68734C}"
EndProject
Project("{FAE04EC0-301F-11D3-BF4B-00C04F79EFBC}") = "WpfApp", "WpfApp\WpfApp.csproj", "{88939F1B-5677-49B1-BC07-71605598494A}"
EndProject
Project("{9A19103F-16F7-4668-BE54-9A1E7A4F7556}") = "Eduroam.App", "Eduroam.App\Eduroam.App.csproj", "{12CE1576-2775-4B95-9067-40271C0BFCAC}"
EndProject
Project("{9A19103F-16F7-4668-BE54-9A1E7A4F7556}") = "EduRoam.Connect", "EduRoam.Connect\EduRoam.Connect.csproj", "{D121BA23-5140-4262-B0D3-1DF4A0CAEA7B}"
EndProject
Project("{9A19103F-16F7-4668-BE54-9A1E7A4F7556}") = "EduRoam.CLI", "EduRoam.CLI\EduRoam.CLI.csproj", "{27AF2BB1-907C-4943-9944-99B80E9B208C}"
EndProject
Project("{9A19103F-16F7-4668-BE54-9A1E7A4F7556}") = "Govroam.App", "Govroam.App\Govroam.App.csproj", "{BABDF645-DBD5-4531-8DB7-EEA3E55471FB}"
EndProject
Project("{9A19103F-16F7-4668-BE54-9A1E7A4F7556}") = "App.Library", "App.Library\App.Library.csproj", "{2FA5F165-8C4C-45A0-BBEE-CAED8B546F67}"
EndProject
Global
	GlobalSection(SolutionConfigurationPlatforms) = preSolution
		Debug|Any CPU = Debug|Any CPU
		Debug|ARM32 = Debug|ARM32
		Debug|x64 = Debug|x64
		Debug|x86 = Debug|x86
		DebugArm|Any CPU = DebugArm|Any CPU
		DebugArm|ARM32 = DebugArm|ARM32
		DebugArm|x64 = DebugArm|x64
		DebugArm|x86 = DebugArm|x86
		Release|Any CPU = Release|Any CPU
		Release|ARM32 = Release|ARM32
		Release|x64 = Release|x64
		Release|x86 = Release|x86
	EndGlobalSection
	GlobalSection(ProjectConfigurationPlatforms) = postSolution
		{8D2C283D-5868-4329-B86E-060ADF68734C}.Debug|Any CPU.ActiveCfg = Debug|Any CPU
		{8D2C283D-5868-4329-B86E-060ADF68734C}.Debug|Any CPU.Build.0 = Debug|Any CPU
		{8D2C283D-5868-4329-B86E-060ADF68734C}.Debug|ARM32.ActiveCfg = Debug|Any CPU
		{8D2C283D-5868-4329-B86E-060ADF68734C}.Debug|ARM32.Build.0 = Debug|Any CPU
		{8D2C283D-5868-4329-B86E-060ADF68734C}.Debug|x64.ActiveCfg = Debug|Any CPU
		{8D2C283D-5868-4329-B86E-060ADF68734C}.Debug|x64.Build.0 = Debug|Any CPU
		{8D2C283D-5868-4329-B86E-060ADF68734C}.Debug|x86.ActiveCfg = Debug|Any CPU
		{8D2C283D-5868-4329-B86E-060ADF68734C}.Debug|x86.Build.0 = Debug|Any CPU
		{8D2C283D-5868-4329-B86E-060ADF68734C}.DebugArm|Any CPU.ActiveCfg = Debug|Any CPU
		{8D2C283D-5868-4329-B86E-060ADF68734C}.DebugArm|Any CPU.Build.0 = Debug|Any CPU
		{8D2C283D-5868-4329-B86E-060ADF68734C}.DebugArm|ARM32.ActiveCfg = Debug|Any CPU
		{8D2C283D-5868-4329-B86E-060ADF68734C}.DebugArm|ARM32.Build.0 = Debug|Any CPU
		{8D2C283D-5868-4329-B86E-060ADF68734C}.DebugArm|x64.ActiveCfg = Debug|Any CPU
		{8D2C283D-5868-4329-B86E-060ADF68734C}.DebugArm|x64.Build.0 = Debug|Any CPU
		{8D2C283D-5868-4329-B86E-060ADF68734C}.DebugArm|x86.ActiveCfg = Debug|Any CPU
		{8D2C283D-5868-4329-B86E-060ADF68734C}.DebugArm|x86.Build.0 = Debug|Any CPU
		{8D2C283D-5868-4329-B86E-060ADF68734C}.Release|Any CPU.ActiveCfg = Release|Any CPU
		{8D2C283D-5868-4329-B86E-060ADF68734C}.Release|Any CPU.Build.0 = Release|Any CPU
		{8D2C283D-5868-4329-B86E-060ADF68734C}.Release|ARM32.ActiveCfg = Release|Any CPU
		{8D2C283D-5868-4329-B86E-060ADF68734C}.Release|ARM32.Build.0 = Release|Any CPU
		{8D2C283D-5868-4329-B86E-060ADF68734C}.Release|x64.ActiveCfg = Release|Any CPU
		{8D2C283D-5868-4329-B86E-060ADF68734C}.Release|x64.Build.0 = Release|Any CPU
		{8D2C283D-5868-4329-B86E-060ADF68734C}.Release|x86.ActiveCfg = Release|Any CPU
		{8D2C283D-5868-4329-B86E-060ADF68734C}.Release|x86.Build.0 = Release|Any CPU
		{8D2C283D-5868-4329-B86E-060ADF68734C}.ReleaseArm|Any CPU.ActiveCfg = Release|Any CPU
		{8D2C283D-5868-4329-B86E-060ADF68734C}.ReleaseArm|Any CPU.Build.0 = Release|Any CPU
		{8D2C283D-5868-4329-B86E-060ADF68734C}.ReleaseArm|ARM32.ActiveCfg = Release|ARM32
		{8D2C283D-5868-4329-B86E-060ADF68734C}.ReleaseArm|ARM32.Build.0 = DebugArm|ARM32
		{8D2C283D-5868-4329-B86E-060ADF68734C}.ReleaseArm|ARM64.ActiveCfg = Release|ARM64
		{8D2C283D-5868-4329-B86E-060ADF68734C}.ReleaseArm|ARM64.Build.0 = Release|ARM64
		{8D2C283D-5868-4329-B86E-060ADF68734C}.ReleaseArm|x64.ActiveCfg = Release|Any CPU
		{8D2C283D-5868-4329-B86E-060ADF68734C}.ReleaseArm|x64.Build.0 = Release|Any CPU
		{8D2C283D-5868-4329-B86E-060ADF68734C}.ReleaseArm|x86.ActiveCfg = Release|Any CPU
		{8D2C283D-5868-4329-B86E-060ADF68734C}.ReleaseArm|x86.Build.0 = Release|Any CPU
		{88939F1B-5677-49B1-BC07-71605598494A}.Debug|Any CPU.ActiveCfg = Debug|Any CPU
		{88939F1B-5677-49B1-BC07-71605598494A}.Debug|Any CPU.Build.0 = Debug|Any CPU
		{88939F1B-5677-49B1-BC07-71605598494A}.Debug|ARM32.ActiveCfg = Debug|Any CPU
		{88939F1B-5677-49B1-BC07-71605598494A}.Debug|ARM32.Build.0 = Debug|Any CPU
		{88939F1B-5677-49B1-BC07-71605598494A}.Debug|x64.ActiveCfg = Debug|Any CPU
		{88939F1B-5677-49B1-BC07-71605598494A}.Debug|x64.Build.0 = Debug|Any CPU
		{88939F1B-5677-49B1-BC07-71605598494A}.Debug|x86.ActiveCfg = Debug|Any CPU
		{88939F1B-5677-49B1-BC07-71605598494A}.Debug|x86.Build.0 = Debug|Any CPU
		{88939F1B-5677-49B1-BC07-71605598494A}.DebugArm|Any CPU.ActiveCfg = Debug|Any CPU
		{88939F1B-5677-49B1-BC07-71605598494A}.DebugArm|Any CPU.Build.0 = Debug|Any CPU
		{88939F1B-5677-49B1-BC07-71605598494A}.DebugArm|ARM32.ActiveCfg = Debug|Any CPU
		{88939F1B-5677-49B1-BC07-71605598494A}.DebugArm|ARM32.Build.0 = Debug|Any CPU
		{88939F1B-5677-49B1-BC07-71605598494A}.DebugArm|x64.ActiveCfg = Debug|Any CPU
		{88939F1B-5677-49B1-BC07-71605598494A}.DebugArm|x64.Build.0 = Debug|Any CPU
		{88939F1B-5677-49B1-BC07-71605598494A}.DebugArm|x86.ActiveCfg = Debug|Any CPU
		{88939F1B-5677-49B1-BC07-71605598494A}.DebugArm|x86.Build.0 = Debug|Any CPU
		{88939F1B-5677-49B1-BC07-71605598494A}.Release|Any CPU.ActiveCfg = Release|Any CPU
		{88939F1B-5677-49B1-BC07-71605598494A}.Release|Any CPU.Build.0 = Release|Any CPU
		{88939F1B-5677-49B1-BC07-71605598494A}.Release|ARM32.ActiveCfg = Release|Any CPU
		{88939F1B-5677-49B1-BC07-71605598494A}.Release|ARM32.Build.0 = Release|Any CPU
		{88939F1B-5677-49B1-BC07-71605598494A}.Release|x64.ActiveCfg = Release|Any CPU
		{88939F1B-5677-49B1-BC07-71605598494A}.Release|x64.Build.0 = Release|Any CPU
		{88939F1B-5677-49B1-BC07-71605598494A}.Release|x86.ActiveCfg = Release|Any CPU
		{88939F1B-5677-49B1-BC07-71605598494A}.Release|x86.Build.0 = Release|Any CPU
		{88939F1B-5677-49B1-BC07-71605598494A}.ReleaseArm|Any CPU.ActiveCfg = Release|Any CPU
		{88939F1B-5677-49B1-BC07-71605598494A}.ReleaseArm|Any CPU.Build.0 = Release|Any CPU
		{88939F1B-5677-49B1-BC07-71605598494A}.ReleaseArm|ARM32.ActiveCfg = Release|ARM32
		{88939F1B-5677-49B1-BC07-71605598494A}.ReleaseArm|ARM32.Build.0 = DebugArm|ARM32
		{88939F1B-5677-49B1-BC07-71605598494A}.ReleaseArm|ARM64.ActiveCfg = Release|ARM64
		{88939F1B-5677-49B1-BC07-71605598494A}.ReleaseArm|ARM64.Build.0 = Release|ARM64
		{88939F1B-5677-49B1-BC07-71605598494A}.ReleaseArm|x64.ActiveCfg = Release|Any CPU
		{88939F1B-5677-49B1-BC07-71605598494A}.ReleaseArm|x64.Build.0 = Release|Any CPU
		{88939F1B-5677-49B1-BC07-71605598494A}.ReleaseArm|x86.ActiveCfg = Release|Any CPU
		{88939F1B-5677-49B1-BC07-71605598494A}.ReleaseArm|x86.Build.0 = Release|Any CPU
		{12CE1576-2775-4B95-9067-40271C0BFCAC}.Debug|Any CPU.ActiveCfg = Debug|Any CPU
		{12CE1576-2775-4B95-9067-40271C0BFCAC}.Debug|Any CPU.Build.0 = Debug|Any CPU
		{12CE1576-2775-4B95-9067-40271C0BFCAC}.Debug|ARM32.ActiveCfg = Debug|ARM32
		{12CE1576-2775-4B95-9067-40271C0BFCAC}.Debug|ARM32.Build.0 = Debug|ARM32
		{12CE1576-2775-4B95-9067-40271C0BFCAC}.Debug|ARM64.ActiveCfg = Debug|ARM64
		{12CE1576-2775-4B95-9067-40271C0BFCAC}.Debug|ARM64.Build.0 = Debug|ARM64
		{12CE1576-2775-4B95-9067-40271C0BFCAC}.Debug|x64.ActiveCfg = Debug|Any CPU
		{12CE1576-2775-4B95-9067-40271C0BFCAC}.Debug|x64.Build.0 = Debug|Any CPU
		{12CE1576-2775-4B95-9067-40271C0BFCAC}.Debug|x86.ActiveCfg = Debug|Any CPU
		{12CE1576-2775-4B95-9067-40271C0BFCAC}.Debug|x86.Build.0 = Debug|Any CPU
		{12CE1576-2775-4B95-9067-40271C0BFCAC}.DebugArm|Any CPU.ActiveCfg = Debug|Any CPU
		{12CE1576-2775-4B95-9067-40271C0BFCAC}.DebugArm|Any CPU.Build.0 = Debug|Any CPU
		{12CE1576-2775-4B95-9067-40271C0BFCAC}.DebugArm|ARM32.ActiveCfg = Debug|ARM32
		{12CE1576-2775-4B95-9067-40271C0BFCAC}.DebugArm|ARM32.Build.0 = Debug|ARM32
		{12CE1576-2775-4B95-9067-40271C0BFCAC}.DebugArm|ARM64.ActiveCfg = Debug|ARM64
		{12CE1576-2775-4B95-9067-40271C0BFCAC}.DebugArm|ARM64.Build.0 = Debug|ARM64
		{12CE1576-2775-4B95-9067-40271C0BFCAC}.DebugArm|x64.ActiveCfg = Debug|Any CPU
		{12CE1576-2775-4B95-9067-40271C0BFCAC}.DebugArm|x64.Build.0 = Debug|Any CPU
		{12CE1576-2775-4B95-9067-40271C0BFCAC}.DebugArm|x86.ActiveCfg = Debug|Any CPU
		{12CE1576-2775-4B95-9067-40271C0BFCAC}.DebugArm|x86.Build.0 = Debug|Any CPU
		{12CE1576-2775-4B95-9067-40271C0BFCAC}.Release|Any CPU.ActiveCfg = Release|Any CPU
		{12CE1576-2775-4B95-9067-40271C0BFCAC}.Release|Any CPU.Build.0 = Release|Any CPU
		{12CE1576-2775-4B95-9067-40271C0BFCAC}.Release|ARM32.ActiveCfg = Release|ARM32
		{12CE1576-2775-4B95-9067-40271C0BFCAC}.Release|ARM32.Build.0 = Release|ARM32
		{12CE1576-2775-4B95-9067-40271C0BFCAC}.Release|ARM64.ActiveCfg = Release|ARM64
		{12CE1576-2775-4B95-9067-40271C0BFCAC}.Release|ARM64.Build.0 = Release|ARM64
		{12CE1576-2775-4B95-9067-40271C0BFCAC}.Release|x64.ActiveCfg = Release|Any CPU
		{12CE1576-2775-4B95-9067-40271C0BFCAC}.Release|x64.Build.0 = Release|Any CPU
		{12CE1576-2775-4B95-9067-40271C0BFCAC}.Release|x86.ActiveCfg = Release|Any CPU
		{12CE1576-2775-4B95-9067-40271C0BFCAC}.Release|x86.Build.0 = Release|Any CPU
		{12CE1576-2775-4B95-9067-40271C0BFCAC}.ReleaseArm|Any CPU.ActiveCfg = Release|Any CPU
		{12CE1576-2775-4B95-9067-40271C0BFCAC}.ReleaseArm|Any CPU.Build.0 = Release|Any CPU
		{12CE1576-2775-4B95-9067-40271C0BFCAC}.ReleaseArm|ARM32.ActiveCfg = Release|ARM32
		{12CE1576-2775-4B95-9067-40271C0BFCAC}.ReleaseArm|ARM32.Build.0 = DebugArm|ARM32
		{12CE1576-2775-4B95-9067-40271C0BFCAC}.ReleaseArm|ARM64.ActiveCfg = Release|ARM64
		{12CE1576-2775-4B95-9067-40271C0BFCAC}.ReleaseArm|ARM64.Build.0 = Release|ARM64
		{12CE1576-2775-4B95-9067-40271C0BFCAC}.ReleaseArm|x64.ActiveCfg = Release|Any CPU
		{12CE1576-2775-4B95-9067-40271C0BFCAC}.ReleaseArm|x64.Build.0 = Release|Any CPU
		{12CE1576-2775-4B95-9067-40271C0BFCAC}.ReleaseArm|x86.ActiveCfg = Release|Any CPU
		{12CE1576-2775-4B95-9067-40271C0BFCAC}.ReleaseArm|x86.Build.0 = Release|Any CPU
		{D121BA23-5140-4262-B0D3-1DF4A0CAEA7B}.Debug|Any CPU.ActiveCfg = Debug|Any CPU
		{D121BA23-5140-4262-B0D3-1DF4A0CAEA7B}.Debug|Any CPU.Build.0 = Debug|Any CPU
		{D121BA23-5140-4262-B0D3-1DF4A0CAEA7B}.Debug|ARM32.ActiveCfg = Debug|ARM32
		{D121BA23-5140-4262-B0D3-1DF4A0CAEA7B}.Debug|ARM32.Build.0 = Debug|ARM32
		{D121BA23-5140-4262-B0D3-1DF4A0CAEA7B}.Debug|ARM64.ActiveCfg = Debug|ARM64
		{D121BA23-5140-4262-B0D3-1DF4A0CAEA7B}.Debug|ARM64.Build.0 = Debug|ARM64
		{D121BA23-5140-4262-B0D3-1DF4A0CAEA7B}.Debug|x64.ActiveCfg = Debug|Any CPU
		{D121BA23-5140-4262-B0D3-1DF4A0CAEA7B}.Debug|x64.Build.0 = Debug|Any CPU
		{D121BA23-5140-4262-B0D3-1DF4A0CAEA7B}.Debug|x86.ActiveCfg = Debug|Any CPU
		{D121BA23-5140-4262-B0D3-1DF4A0CAEA7B}.Debug|x86.Build.0 = Debug|Any CPU
		{D121BA23-5140-4262-B0D3-1DF4A0CAEA7B}.DebugArm|Any CPU.ActiveCfg = Debug|Any CPU
		{D121BA23-5140-4262-B0D3-1DF4A0CAEA7B}.DebugArm|Any CPU.Build.0 = Debug|Any CPU
		{D121BA23-5140-4262-B0D3-1DF4A0CAEA7B}.DebugArm|ARM32.ActiveCfg = Debug|ARM32
		{D121BA23-5140-4262-B0D3-1DF4A0CAEA7B}.DebugArm|ARM32.Build.0 = Debug|ARM32
		{D121BA23-5140-4262-B0D3-1DF4A0CAEA7B}.DebugArm|ARM64.ActiveCfg = Debug|ARM64
		{D121BA23-5140-4262-B0D3-1DF4A0CAEA7B}.DebugArm|ARM64.Build.0 = Debug|ARM64
		{D121BA23-5140-4262-B0D3-1DF4A0CAEA7B}.DebugArm|x64.ActiveCfg = Debug|Any CPU
		{D121BA23-5140-4262-B0D3-1DF4A0CAEA7B}.DebugArm|x64.Build.0 = Debug|Any CPU
		{D121BA23-5140-4262-B0D3-1DF4A0CAEA7B}.DebugArm|x86.ActiveCfg = Debug|Any CPU
		{D121BA23-5140-4262-B0D3-1DF4A0CAEA7B}.DebugArm|x86.Build.0 = Debug|Any CPU
		{D121BA23-5140-4262-B0D3-1DF4A0CAEA7B}.Release|Any CPU.ActiveCfg = Release|Any CPU
		{D121BA23-5140-4262-B0D3-1DF4A0CAEA7B}.Release|Any CPU.Build.0 = Release|Any CPU
		{D121BA23-5140-4262-B0D3-1DF4A0CAEA7B}.Release|ARM32.ActiveCfg = Release|ARM32
		{D121BA23-5140-4262-B0D3-1DF4A0CAEA7B}.Release|ARM32.Build.0 = Release|ARM32
		{D121BA23-5140-4262-B0D3-1DF4A0CAEA7B}.Release|ARM64.ActiveCfg = Release|ARM64
		{D121BA23-5140-4262-B0D3-1DF4A0CAEA7B}.Release|ARM64.Build.0 = Release|ARM64
		{D121BA23-5140-4262-B0D3-1DF4A0CAEA7B}.Release|x64.ActiveCfg = Release|Any CPU
		{D121BA23-5140-4262-B0D3-1DF4A0CAEA7B}.Release|x64.Build.0 = Release|Any CPU
		{D121BA23-5140-4262-B0D3-1DF4A0CAEA7B}.Release|x86.ActiveCfg = Release|Any CPU
		{D121BA23-5140-4262-B0D3-1DF4A0CAEA7B}.Release|x86.Build.0 = Release|Any CPU
		{D121BA23-5140-4262-B0D3-1DF4A0CAEA7B}.ReleaseArm|Any CPU.ActiveCfg = Release|Any CPU
		{D121BA23-5140-4262-B0D3-1DF4A0CAEA7B}.ReleaseArm|Any CPU.Build.0 = Release|Any CPU
		{D121BA23-5140-4262-B0D3-1DF4A0CAEA7B}.ReleaseArm|ARM32.ActiveCfg = Release|ARM32
		{D121BA23-5140-4262-B0D3-1DF4A0CAEA7B}.ReleaseArm|ARM32.Build.0 = Release|ARM32
		{D121BA23-5140-4262-B0D3-1DF4A0CAEA7B}.ReleaseArm|ARM64.ActiveCfg = Release|ARM64
		{D121BA23-5140-4262-B0D3-1DF4A0CAEA7B}.ReleaseArm|ARM64.Build.0 = Release|ARM64
		{D121BA23-5140-4262-B0D3-1DF4A0CAEA7B}.ReleaseArm|x64.ActiveCfg = Release|Any CPU
		{D121BA23-5140-4262-B0D3-1DF4A0CAEA7B}.ReleaseArm|x64.Build.0 = Release|Any CPU
		{D121BA23-5140-4262-B0D3-1DF4A0CAEA7B}.ReleaseArm|x86.ActiveCfg = Release|Any CPU
		{D121BA23-5140-4262-B0D3-1DF4A0CAEA7B}.ReleaseArm|x86.Build.0 = Release|Any CPU
		{27AF2BB1-907C-4943-9944-99B80E9B208C}.Debug|Any CPU.ActiveCfg = Debug|Any CPU
		{27AF2BB1-907C-4943-9944-99B80E9B208C}.Debug|Any CPU.Build.0 = Debug|Any CPU
		{27AF2BB1-907C-4943-9944-99B80E9B208C}.Debug|ARM32.ActiveCfg = Debug|ARM32
		{27AF2BB1-907C-4943-9944-99B80E9B208C}.Debug|ARM32.Build.0 = Debug|ARM32
		{27AF2BB1-907C-4943-9944-99B80E9B208C}.Debug|ARM64.ActiveCfg = Debug|ARM64
		{27AF2BB1-907C-4943-9944-99B80E9B208C}.Debug|ARM64.Build.0 = Debug|ARM64
		{27AF2BB1-907C-4943-9944-99B80E9B208C}.Debug|x64.ActiveCfg = Debug|Any CPU
		{27AF2BB1-907C-4943-9944-99B80E9B208C}.Debug|x64.Build.0 = Debug|Any CPU
		{27AF2BB1-907C-4943-9944-99B80E9B208C}.Debug|x86.ActiveCfg = Debug|Any CPU
		{27AF2BB1-907C-4943-9944-99B80E9B208C}.Debug|x86.Build.0 = Debug|Any CPU
		{27AF2BB1-907C-4943-9944-99B80E9B208C}.DebugArm|Any CPU.ActiveCfg = Debug|Any CPU
		{27AF2BB1-907C-4943-9944-99B80E9B208C}.DebugArm|Any CPU.Build.0 = Debug|Any CPU
		{27AF2BB1-907C-4943-9944-99B80E9B208C}.DebugArm|ARM32.ActiveCfg = Debug|ARM32
		{27AF2BB1-907C-4943-9944-99B80E9B208C}.DebugArm|ARM32.Build.0 = Debug|ARM32
		{27AF2BB1-907C-4943-9944-99B80E9B208C}.DebugArm|ARM64.ActiveCfg = Debug|ARM64
		{27AF2BB1-907C-4943-9944-99B80E9B208C}.DebugArm|ARM64.Build.0 = Debug|ARM64
		{27AF2BB1-907C-4943-9944-99B80E9B208C}.DebugArm|x64.ActiveCfg = Debug|Any CPU
		{27AF2BB1-907C-4943-9944-99B80E9B208C}.DebugArm|x64.Build.0 = Debug|Any CPU
		{27AF2BB1-907C-4943-9944-99B80E9B208C}.DebugArm|x86.ActiveCfg = Debug|Any CPU
		{27AF2BB1-907C-4943-9944-99B80E9B208C}.DebugArm|x86.Build.0 = Debug|Any CPU
		{27AF2BB1-907C-4943-9944-99B80E9B208C}.Release|Any CPU.ActiveCfg = Release|Any CPU
		{27AF2BB1-907C-4943-9944-99B80E9B208C}.Release|Any CPU.Build.0 = Release|Any CPU
		{27AF2BB1-907C-4943-9944-99B80E9B208C}.Release|ARM32.ActiveCfg = Release|ARM32
		{27AF2BB1-907C-4943-9944-99B80E9B208C}.Release|ARM32.Build.0 = Release|ARM32
		{27AF2BB1-907C-4943-9944-99B80E9B208C}.Release|ARM64.ActiveCfg = Release|ARM64
		{27AF2BB1-907C-4943-9944-99B80E9B208C}.Release|ARM64.Build.0 = Release|ARM64
		{27AF2BB1-907C-4943-9944-99B80E9B208C}.Release|x64.ActiveCfg = Release|Any CPU
		{27AF2BB1-907C-4943-9944-99B80E9B208C}.Release|x64.Build.0 = Release|Any CPU
		{27AF2BB1-907C-4943-9944-99B80E9B208C}.Release|x86.ActiveCfg = Release|Any CPU
		{27AF2BB1-907C-4943-9944-99B80E9B208C}.Release|x86.Build.0 = Release|Any CPU
		{27AF2BB1-907C-4943-9944-99B80E9B208C}.ReleaseArm|Any CPU.ActiveCfg = Release|Any CPU
		{27AF2BB1-907C-4943-9944-99B80E9B208C}.ReleaseArm|Any CPU.Build.0 = Release|Any CPU
		{27AF2BB1-907C-4943-9944-99B80E9B208C}.ReleaseArm|ARM32.ActiveCfg = Release|ARM32
		{27AF2BB1-907C-4943-9944-99B80E9B208C}.ReleaseArm|ARM32.Build.0 = Release|ARM32
		{27AF2BB1-907C-4943-9944-99B80E9B208C}.ReleaseArm|ARM64.ActiveCfg = Release|ARM64
		{27AF2BB1-907C-4943-9944-99B80E9B208C}.ReleaseArm|ARM64.Build.0 = Release|ARM64
		{27AF2BB1-907C-4943-9944-99B80E9B208C}.ReleaseArm|x64.ActiveCfg = Release|Any CPU
		{27AF2BB1-907C-4943-9944-99B80E9B208C}.ReleaseArm|x64.Build.0 = Release|Any CPU
		{27AF2BB1-907C-4943-9944-99B80E9B208C}.ReleaseArm|x86.ActiveCfg = Release|Any CPU
		{27AF2BB1-907C-4943-9944-99B80E9B208C}.ReleaseArm|x86.Build.0 = Release|Any CPU
		{BABDF645-DBD5-4531-8DB7-EEA3E55471FB}.Debug|Any CPU.ActiveCfg = Debug|Any CPU
		{BABDF645-DBD5-4531-8DB7-EEA3E55471FB}.Debug|Any CPU.Build.0 = Debug|Any CPU
		{BABDF645-DBD5-4531-8DB7-EEA3E55471FB}.Debug|ARM32.ActiveCfg = Debug|ARM32
		{BABDF645-DBD5-4531-8DB7-EEA3E55471FB}.Debug|ARM32.Build.0 = Debug|ARM32
		{BABDF645-DBD5-4531-8DB7-EEA3E55471FB}.Debug|ARM64.ActiveCfg = Debug|ARM64
		{BABDF645-DBD5-4531-8DB7-EEA3E55471FB}.Debug|ARM64.Build.0 = Debug|ARM64
		{BABDF645-DBD5-4531-8DB7-EEA3E55471FB}.Debug|x64.ActiveCfg = Debug|Any CPU
		{BABDF645-DBD5-4531-8DB7-EEA3E55471FB}.Debug|x64.Build.0 = Debug|Any CPU
		{BABDF645-DBD5-4531-8DB7-EEA3E55471FB}.Debug|x86.ActiveCfg = Debug|Any CPU
		{BABDF645-DBD5-4531-8DB7-EEA3E55471FB}.Debug|x86.Build.0 = Debug|Any CPU
		{BABDF645-DBD5-4531-8DB7-EEA3E55471FB}.DebugArm|Any CPU.ActiveCfg = Debug|Any CPU
		{BABDF645-DBD5-4531-8DB7-EEA3E55471FB}.DebugArm|Any CPU.Build.0 = Debug|Any CPU
		{BABDF645-DBD5-4531-8DB7-EEA3E55471FB}.DebugArm|ARM32.ActiveCfg = Debug|ARM32
		{BABDF645-DBD5-4531-8DB7-EEA3E55471FB}.DebugArm|ARM32.Build.0 = Debug|ARM32
		{BABDF645-DBD5-4531-8DB7-EEA3E55471FB}.DebugArm|ARM64.ActiveCfg = Debug|ARM64
		{BABDF645-DBD5-4531-8DB7-EEA3E55471FB}.DebugArm|ARM64.Build.0 = Debug|ARM64
		{BABDF645-DBD5-4531-8DB7-EEA3E55471FB}.DebugArm|x64.ActiveCfg = Debug|Any CPU
		{BABDF645-DBD5-4531-8DB7-EEA3E55471FB}.DebugArm|x64.Build.0 = Debug|Any CPU
		{BABDF645-DBD5-4531-8DB7-EEA3E55471FB}.DebugArm|x86.ActiveCfg = Debug|Any CPU
		{BABDF645-DBD5-4531-8DB7-EEA3E55471FB}.DebugArm|x86.Build.0 = Debug|Any CPU
		{BABDF645-DBD5-4531-8DB7-EEA3E55471FB}.Release|Any CPU.ActiveCfg = Release|Any CPU
		{BABDF645-DBD5-4531-8DB7-EEA3E55471FB}.Release|Any CPU.Build.0 = Release|Any CPU
		{BABDF645-DBD5-4531-8DB7-EEA3E55471FB}.Release|ARM32.ActiveCfg = Release|ARM32
		{BABDF645-DBD5-4531-8DB7-EEA3E55471FB}.Release|ARM32.Build.0 = Release|ARM32
		{BABDF645-DBD5-4531-8DB7-EEA3E55471FB}.Release|ARM64.ActiveCfg = Release|ARM64
		{BABDF645-DBD5-4531-8DB7-EEA3E55471FB}.Release|ARM64.Build.0 = Release|ARM64
		{BABDF645-DBD5-4531-8DB7-EEA3E55471FB}.Release|x64.ActiveCfg = Release|Any CPU
		{BABDF645-DBD5-4531-8DB7-EEA3E55471FB}.Release|x64.Build.0 = Release|Any CPU
		{BABDF645-DBD5-4531-8DB7-EEA3E55471FB}.Release|x86.ActiveCfg = Release|Any CPU
		{BABDF645-DBD5-4531-8DB7-EEA3E55471FB}.Release|x86.Build.0 = Release|Any CPU
		{BABDF645-DBD5-4531-8DB7-EEA3E55471FB}.ReleaseArm|Any CPU.ActiveCfg = Release|Any CPU
		{BABDF645-DBD5-4531-8DB7-EEA3E55471FB}.ReleaseArm|Any CPU.Build.0 = Release|Any CPU
		{BABDF645-DBD5-4531-8DB7-EEA3E55471FB}.ReleaseArm|ARM32.ActiveCfg = Release|ARM32
		{BABDF645-DBD5-4531-8DB7-EEA3E55471FB}.ReleaseArm|ARM32.Build.0 = Release|ARM32
		{BABDF645-DBD5-4531-8DB7-EEA3E55471FB}.ReleaseArm|ARM64.ActiveCfg = Release|ARM64
		{BABDF645-DBD5-4531-8DB7-EEA3E55471FB}.ReleaseArm|ARM64.Build.0 = Release|ARM64
		{BABDF645-DBD5-4531-8DB7-EEA3E55471FB}.ReleaseArm|x64.ActiveCfg = Release|Any CPU
		{BABDF645-DBD5-4531-8DB7-EEA3E55471FB}.ReleaseArm|x64.Build.0 = Release|Any CPU
		{BABDF645-DBD5-4531-8DB7-EEA3E55471FB}.ReleaseArm|x86.ActiveCfg = Release|Any CPU
		{BABDF645-DBD5-4531-8DB7-EEA3E55471FB}.ReleaseArm|x86.Build.0 = Release|Any CPU
		{2FA5F165-8C4C-45A0-BBEE-CAED8B546F67}.Debug|Any CPU.ActiveCfg = Debug|Any CPU
		{2FA5F165-8C4C-45A0-BBEE-CAED8B546F67}.Debug|Any CPU.Build.0 = Debug|Any CPU
		{2FA5F165-8C4C-45A0-BBEE-CAED8B546F67}.Debug|ARM32.ActiveCfg = Debug|ARM32
		{2FA5F165-8C4C-45A0-BBEE-CAED8B546F67}.Debug|ARM32.Build.0 = Debug|ARM32
		{2FA5F165-8C4C-45A0-BBEE-CAED8B546F67}.Debug|ARM64.ActiveCfg = Debug|ARM64
		{2FA5F165-8C4C-45A0-BBEE-CAED8B546F67}.Debug|ARM64.Build.0 = Debug|ARM64
		{2FA5F165-8C4C-45A0-BBEE-CAED8B546F67}.Debug|x64.ActiveCfg = Debug|Any CPU
		{2FA5F165-8C4C-45A0-BBEE-CAED8B546F67}.Debug|x64.Build.0 = Debug|Any CPU
		{2FA5F165-8C4C-45A0-BBEE-CAED8B546F67}.Debug|x86.ActiveCfg = Debug|Any CPU
		{2FA5F165-8C4C-45A0-BBEE-CAED8B546F67}.Debug|x86.Build.0 = Debug|Any CPU
		{2FA5F165-8C4C-45A0-BBEE-CAED8B546F67}.DebugArm|Any CPU.ActiveCfg = Debug|Any CPU
		{2FA5F165-8C4C-45A0-BBEE-CAED8B546F67}.DebugArm|Any CPU.Build.0 = Debug|Any CPU
		{2FA5F165-8C4C-45A0-BBEE-CAED8B546F67}.DebugArm|ARM32.ActiveCfg = Debug|ARM32
		{2FA5F165-8C4C-45A0-BBEE-CAED8B546F67}.DebugArm|ARM32.Build.0 = Debug|ARM32
		{2FA5F165-8C4C-45A0-BBEE-CAED8B546F67}.DebugArm|ARM64.ActiveCfg = Debug|ARM64
		{2FA5F165-8C4C-45A0-BBEE-CAED8B546F67}.DebugArm|ARM64.Build.0 = Debug|ARM64
		{2FA5F165-8C4C-45A0-BBEE-CAED8B546F67}.DebugArm|x64.ActiveCfg = Debug|Any CPU
		{2FA5F165-8C4C-45A0-BBEE-CAED8B546F67}.DebugArm|x64.Build.0 = Debug|Any CPU
		{2FA5F165-8C4C-45A0-BBEE-CAED8B546F67}.DebugArm|x86.ActiveCfg = Debug|Any CPU
		{2FA5F165-8C4C-45A0-BBEE-CAED8B546F67}.DebugArm|x86.Build.0 = Debug|Any CPU
		{2FA5F165-8C4C-45A0-BBEE-CAED8B546F67}.Release|Any CPU.ActiveCfg = Release|Any CPU
		{2FA5F165-8C4C-45A0-BBEE-CAED8B546F67}.Release|Any CPU.Build.0 = Release|Any CPU
		{2FA5F165-8C4C-45A0-BBEE-CAED8B546F67}.Release|ARM32.ActiveCfg = Release|ARM32
		{2FA5F165-8C4C-45A0-BBEE-CAED8B546F67}.Release|ARM32.Build.0 = Release|ARM32
		{2FA5F165-8C4C-45A0-BBEE-CAED8B546F67}.Release|ARM64.ActiveCfg = Release|ARM64
		{2FA5F165-8C4C-45A0-BBEE-CAED8B546F67}.Release|ARM64.Build.0 = Release|ARM64
		{2FA5F165-8C4C-45A0-BBEE-CAED8B546F67}.Release|x64.ActiveCfg = Release|Any CPU
		{2FA5F165-8C4C-45A0-BBEE-CAED8B546F67}.Release|x64.Build.0 = Release|Any CPU
		{2FA5F165-8C4C-45A0-BBEE-CAED8B546F67}.Release|x86.ActiveCfg = Release|Any CPU
		{2FA5F165-8C4C-45A0-BBEE-CAED8B546F67}.Release|x86.Build.0 = Release|Any CPU
		{2FA5F165-8C4C-45A0-BBEE-CAED8B546F67}.ReleaseArm|Any CPU.ActiveCfg = Release|Any CPU
		{2FA5F165-8C4C-45A0-BBEE-CAED8B546F67}.ReleaseArm|Any CPU.Build.0 = Release|Any CPU
		{2FA5F165-8C4C-45A0-BBEE-CAED8B546F67}.ReleaseArm|ARM32.ActiveCfg = Release|ARM32
		{2FA5F165-8C4C-45A0-BBEE-CAED8B546F67}.ReleaseArm|ARM32.Build.0 = Release|ARM32
		{2FA5F165-8C4C-45A0-BBEE-CAED8B546F67}.ReleaseArm|ARM64.ActiveCfg = Release|ARM64
		{2FA5F165-8C4C-45A0-BBEE-CAED8B546F67}.ReleaseArm|ARM64.Build.0 = Release|ARM64
		{2FA5F165-8C4C-45A0-BBEE-CAED8B546F67}.ReleaseArm|x64.ActiveCfg = Release|Any CPU
		{2FA5F165-8C4C-45A0-BBEE-CAED8B546F67}.ReleaseArm|x64.Build.0 = Release|Any CPU
		{2FA5F165-8C4C-45A0-BBEE-CAED8B546F67}.ReleaseArm|x86.ActiveCfg = Release|Any CPU
		{2FA5F165-8C4C-45A0-BBEE-CAED8B546F67}.ReleaseArm|x86.Build.0 = Release|Any CPU
	EndGlobalSection
	GlobalSection(SolutionProperties) = preSolution
		HideSolutionNode = FALSE
	EndGlobalSection
	GlobalSection(ExtensibilityGlobals) = postSolution
		SolutionGuid = {4E267844-5CE0-4636-A8E5-5821B83D9864}
	EndGlobalSection
EndGlobal
