
Microsoft Visual Studio Solution File, Format Version 12.00
# Visual Studio Version 17
VisualStudioVersion = 17.0.31903.59
MinimumVisualStudioVersion = 10.0.40219.1
Project("{FAE04EC0-301F-11D3-BF4B-00C04F79EFBC}") = "App.Settings", "App.Settings\App.Settings.csproj", "{0777C66C-8FFC-4F8E-BA50-E744BCB76085}"
EndProject
Project("{FAE04EC0-301F-11D3-BF4B-00C04F79EFBC}") = "EduRoam.Localization", "EduRoam.Localization\EduRoam.Localization.csproj", "{DF070188-D9FB-4711-8A69-EB1947042F15}"
EndProject
Project("{FAE04EC0-301F-11D3-BF4B-00C04F79EFBC}") = "EduRoam.Connect", "EduRoam.Connect\EduRoam.Connect.csproj", "{2D4FB095-91D6-4228-945D-3C651C8E40B8}"
EndProject
Project("{FAE04EC0-301F-11D3-BF4B-00C04F79EFBC}") = "App.Library", "App.Library\App.Library.csproj", "{107785A7-93CE-4EA7-A11F-990CDC5F5EFA}"
EndProject
Project("{FAE04EC0-301F-11D3-BF4B-00C04F79EFBC}") = "Eduroam.App", "Eduroam.App\Eduroam.App.csproj", "{A68B395D-AAB0-4C25-9B80-F81F8F3996AB}"
EndProject
Project("{FAE04EC0-301F-11D3-BF4B-00C04F79EFBC}") = "Govroam.App", "Govroam.App\Govroam.App.csproj", "{358E790B-DBAE-4738-82A7-155B4916F48A}"
EndProject
Project("{FAE04EC0-301F-11D3-BF4B-00C04F79EFBC}") = "EduRoam.CLI", "EduRoam.CLI\EduRoam.CLI.csproj", "{3B3713D3-4364-4C35-9F61-163904093202}"
EndProject
Project("{FAE04EC0-301F-11D3-BF4B-00C04F79EFBC}") = "App.MsiCreator", "App.MsiCreator\App.MsiCreator.csproj", "{44188E39-4021-4269-96C9-AC465DD31542}"
EndProject
Global
	GlobalSection(SolutionConfigurationPlatforms) = preSolution
		Debug|Any CPU = Debug|Any CPU
		Debug|x64 = Debug|x64
		Debug|x86 = Debug|x86
		Release|Any CPU = Release|Any CPU
		Release|x64 = Release|x64
		Release|x86 = Release|x86
	EndGlobalSection
	GlobalSection(ProjectConfigurationPlatforms) = postSolution
		{0777C66C-8FFC-4F8E-BA50-E744BCB76085}.Debug|Any CPU.ActiveCfg = Debug|Any CPU
		{0777C66C-8FFC-4F8E-BA50-E744BCB76085}.Debug|Any CPU.Build.0 = Debug|Any CPU
		{0777C66C-8FFC-4F8E-BA50-E744BCB76085}.Debug|x64.ActiveCfg = Debug|Any CPU
		{0777C66C-8FFC-4F8E-BA50-E744BCB76085}.Debug|x64.Build.0 = Debug|Any CPU
		{0777C66C-8FFC-4F8E-BA50-E744BCB76085}.Debug|x86.ActiveCfg = Debug|Any CPU
		{0777C66C-8FFC-4F8E-BA50-E744BCB76085}.Debug|x86.Build.0 = Debug|Any CPU
		{0777C66C-8FFC-4F8E-BA50-E744BCB76085}.Release|Any CPU.ActiveCfg = Release|Any CPU
		{0777C66C-8FFC-4F8E-BA50-E744BCB76085}.Release|Any CPU.Build.0 = Release|Any CPU
		{0777C66C-8FFC-4F8E-BA50-E744BCB76085}.Release|x64.ActiveCfg = Release|Any CPU
		{0777C66C-8FFC-4F8E-BA50-E744BCB76085}.Release|x64.Build.0 = Release|Any CPU
		{0777C66C-8FFC-4F8E-BA50-E744BCB76085}.Release|x86.ActiveCfg = Release|Any CPU
		{0777C66C-8FFC-4F8E-BA50-E744BCB76085}.Release|x86.Build.0 = Release|Any CPU
		{DF070188-D9FB-4711-8A69-EB1947042F15}.Debug|Any CPU.ActiveCfg = Debug|Any CPU
		{DF070188-D9FB-4711-8A69-EB1947042F15}.Debug|Any CPU.Build.0 = Debug|Any CPU
		{DF070188-D9FB-4711-8A69-EB1947042F15}.Debug|x64.ActiveCfg = Debug|Any CPU
		{DF070188-D9FB-4711-8A69-EB1947042F15}.Debug|x64.Build.0 = Debug|Any CPU
		{DF070188-D9FB-4711-8A69-EB1947042F15}.Debug|x86.ActiveCfg = Debug|Any CPU
		{DF070188-D9FB-4711-8A69-EB1947042F15}.Debug|x86.Build.0 = Debug|Any CPU
		{DF070188-D9FB-4711-8A69-EB1947042F15}.Release|Any CPU.ActiveCfg = Release|Any CPU
		{DF070188-D9FB-4711-8A69-EB1947042F15}.Release|Any CPU.Build.0 = Release|Any CPU
		{DF070188-D9FB-4711-8A69-EB1947042F15}.Release|x64.ActiveCfg = Release|Any CPU
		{DF070188-D9FB-4711-8A69-EB1947042F15}.Release|x64.Build.0 = Release|Any CPU
		{DF070188-D9FB-4711-8A69-EB1947042F15}.Release|x86.ActiveCfg = Release|Any CPU
		{DF070188-D9FB-4711-8A69-EB1947042F15}.Release|x86.Build.0 = Release|Any CPU
		{2D4FB095-91D6-4228-945D-3C651C8E40B8}.Debug|Any CPU.ActiveCfg = Debug|Any CPU
		{2D4FB095-91D6-4228-945D-3C651C8E40B8}.Debug|Any CPU.Build.0 = Debug|Any CPU
		{2D4FB095-91D6-4228-945D-3C651C8E40B8}.Debug|x64.ActiveCfg = Debug|Any CPU
		{2D4FB095-91D6-4228-945D-3C651C8E40B8}.Debug|x64.Build.0 = Debug|Any CPU
		{2D4FB095-91D6-4228-945D-3C651C8E40B8}.Debug|x86.ActiveCfg = Debug|Any CPU
		{2D4FB095-91D6-4228-945D-3C651C8E40B8}.Debug|x86.Build.0 = Debug|Any CPU
		{2D4FB095-91D6-4228-945D-3C651C8E40B8}.Release|Any CPU.ActiveCfg = Release|Any CPU
		{2D4FB095-91D6-4228-945D-3C651C8E40B8}.Release|Any CPU.Build.0 = Release|Any CPU
		{2D4FB095-91D6-4228-945D-3C651C8E40B8}.Release|x64.ActiveCfg = Release|Any CPU
		{2D4FB095-91D6-4228-945D-3C651C8E40B8}.Release|x64.Build.0 = Release|Any CPU
		{2D4FB095-91D6-4228-945D-3C651C8E40B8}.Release|x86.ActiveCfg = Release|Any CPU
		{2D4FB095-91D6-4228-945D-3C651C8E40B8}.Release|x86.Build.0 = Release|Any CPU
		{107785A7-93CE-4EA7-A11F-990CDC5F5EFA}.Debug|Any CPU.ActiveCfg = Debug|Any CPU
		{107785A7-93CE-4EA7-A11F-990CDC5F5EFA}.Debug|Any CPU.Build.0 = Debug|Any CPU
		{107785A7-93CE-4EA7-A11F-990CDC5F5EFA}.Debug|x64.ActiveCfg = Debug|Any CPU
		{107785A7-93CE-4EA7-A11F-990CDC5F5EFA}.Debug|x64.Build.0 = Debug|Any CPU
		{107785A7-93CE-4EA7-A11F-990CDC5F5EFA}.Debug|x86.ActiveCfg = Debug|Any CPU
		{107785A7-93CE-4EA7-A11F-990CDC5F5EFA}.Debug|x86.Build.0 = Debug|Any CPU
		{107785A7-93CE-4EA7-A11F-990CDC5F5EFA}.Release|Any CPU.ActiveCfg = Release|Any CPU
		{107785A7-93CE-4EA7-A11F-990CDC5F5EFA}.Release|Any CPU.Build.0 = Release|Any CPU
		{107785A7-93CE-4EA7-A11F-990CDC5F5EFA}.Release|x64.ActiveCfg = Release|Any CPU
		{107785A7-93CE-4EA7-A11F-990CDC5F5EFA}.Release|x64.Build.0 = Release|Any CPU
		{107785A7-93CE-4EA7-A11F-990CDC5F5EFA}.Release|x86.ActiveCfg = Release|Any CPU
		{107785A7-93CE-4EA7-A11F-990CDC5F5EFA}.Release|x86.Build.0 = Release|Any CPU
		{A68B395D-AAB0-4C25-9B80-F81F8F3996AB}.Debug|Any CPU.ActiveCfg = Debug|Any CPU
		{A68B395D-AAB0-4C25-9B80-F81F8F3996AB}.Debug|Any CPU.Build.0 = Debug|Any CPU
		{A68B395D-AAB0-4C25-9B80-F81F8F3996AB}.Debug|x64.ActiveCfg = Debug|Any CPU
		{A68B395D-AAB0-4C25-9B80-F81F8F3996AB}.Debug|x64.Build.0 = Debug|Any CPU
		{A68B395D-AAB0-4C25-9B80-F81F8F3996AB}.Debug|x86.ActiveCfg = Debug|Any CPU
		{A68B395D-AAB0-4C25-9B80-F81F8F3996AB}.Debug|x86.Build.0 = Debug|Any CPU
		{A68B395D-AAB0-4C25-9B80-F81F8F3996AB}.Release|Any CPU.ActiveCfg = Release|Any CPU
		{A68B395D-AAB0-4C25-9B80-F81F8F3996AB}.Release|Any CPU.Build.0 = Release|Any CPU
		{A68B395D-AAB0-4C25-9B80-F81F8F3996AB}.Release|x64.ActiveCfg = Release|Any CPU
		{A68B395D-AAB0-4C25-9B80-F81F8F3996AB}.Release|x64.Build.0 = Release|Any CPU
		{A68B395D-AAB0-4C25-9B80-F81F8F3996AB}.Release|x86.ActiveCfg = Release|Any CPU
		{A68B395D-AAB0-4C25-9B80-F81F8F3996AB}.Release|x86.Build.0 = Release|Any CPU
		{358E790B-DBAE-4738-82A7-155B4916F48A}.Debug|Any CPU.ActiveCfg = Debug|Any CPU
		{358E790B-DBAE-4738-82A7-155B4916F48A}.Debug|Any CPU.Build.0 = Debug|Any CPU
		{358E790B-DBAE-4738-82A7-155B4916F48A}.Debug|x64.ActiveCfg = Debug|Any CPU
		{358E790B-DBAE-4738-82A7-155B4916F48A}.Debug|x64.Build.0 = Debug|Any CPU
		{358E790B-DBAE-4738-82A7-155B4916F48A}.Debug|x86.ActiveCfg = Debug|Any CPU
		{358E790B-DBAE-4738-82A7-155B4916F48A}.Debug|x86.Build.0 = Debug|Any CPU
		{358E790B-DBAE-4738-82A7-155B4916F48A}.Release|Any CPU.ActiveCfg = Release|Any CPU
		{358E790B-DBAE-4738-82A7-155B4916F48A}.Release|Any CPU.Build.0 = Release|Any CPU
		{358E790B-DBAE-4738-82A7-155B4916F48A}.Release|x64.ActiveCfg = Release|Any CPU
		{358E790B-DBAE-4738-82A7-155B4916F48A}.Release|x64.Build.0 = Release|Any CPU
		{358E790B-DBAE-4738-82A7-155B4916F48A}.Release|x86.ActiveCfg = Release|Any CPU
		{358E790B-DBAE-4738-82A7-155B4916F48A}.Release|x86.Build.0 = Release|Any CPU
		{3B3713D3-4364-4C35-9F61-163904093202}.Debug|Any CPU.ActiveCfg = Debug|Any CPU
		{3B3713D3-4364-4C35-9F61-163904093202}.Debug|Any CPU.Build.0 = Debug|Any CPU
		{3B3713D3-4364-4C35-9F61-163904093202}.Debug|x64.ActiveCfg = Debug|Any CPU
		{3B3713D3-4364-4C35-9F61-163904093202}.Debug|x64.Build.0 = Debug|Any CPU
		{3B3713D3-4364-4C35-9F61-163904093202}.Debug|x86.ActiveCfg = Debug|Any CPU
		{3B3713D3-4364-4C35-9F61-163904093202}.Debug|x86.Build.0 = Debug|Any CPU
		{3B3713D3-4364-4C35-9F61-163904093202}.Release|Any CPU.ActiveCfg = Release|Any CPU
		{3B3713D3-4364-4C35-9F61-163904093202}.Release|Any CPU.Build.0 = Release|Any CPU
		{3B3713D3-4364-4C35-9F61-163904093202}.Release|x64.ActiveCfg = Release|Any CPU
		{3B3713D3-4364-4C35-9F61-163904093202}.Release|x64.Build.0 = Release|Any CPU
		{3B3713D3-4364-4C35-9F61-163904093202}.Release|x86.ActiveCfg = Release|Any CPU
		{3B3713D3-4364-4C35-9F61-163904093202}.Release|x86.Build.0 = Release|Any CPU
		{44188E39-4021-4269-96C9-AC465DD31542}.Debug|Any CPU.ActiveCfg = Debug|Any CPU
		{44188E39-4021-4269-96C9-AC465DD31542}.Debug|Any CPU.Build.0 = Debug|Any CPU
		{44188E39-4021-4269-96C9-AC465DD31542}.Debug|x64.ActiveCfg = Debug|Any CPU
		{44188E39-4021-4269-96C9-AC465DD31542}.Debug|x64.Build.0 = Debug|Any CPU
		{44188E39-4021-4269-96C9-AC465DD31542}.Debug|x86.ActiveCfg = Debug|Any CPU
		{44188E39-4021-4269-96C9-AC465DD31542}.Debug|x86.Build.0 = Debug|Any CPU
		{44188E39-4021-4269-96C9-AC465DD31542}.Release|Any CPU.ActiveCfg = Release|Any CPU
		{44188E39-4021-4269-96C9-AC465DD31542}.Release|Any CPU.Build.0 = Release|Any CPU
		{44188E39-4021-4269-96C9-AC465DD31542}.Release|x64.ActiveCfg = Release|Any CPU
		{44188E39-4021-4269-96C9-AC465DD31542}.Release|x64.Build.0 = Release|Any CPU
		{44188E39-4021-4269-96C9-AC465DD31542}.Release|x86.ActiveCfg = Release|Any CPU
		{44188E39-4021-4269-96C9-AC465DD31542}.Release|x86.Build.0 = Release|Any CPU
	EndGlobalSection
	GlobalSection(SolutionProperties) = preSolution
		HideSolutionNode = FALSE
	EndGlobalSection
EndGlobal
