Microsoft Visual Studio Solution File, Format Version 12.00
# Visual Studio Version 17
VisualStudioVersion = 17.5.33414.496
MinimumVisualStudioVersion = 10.0.40219.1
Project("{FAE04EC0-301F-11D3-BF4B-00C04F79EFBC}") = "EduroamConfigure", "EduroamConfigure\EduroamConfigure.csproj", "{8D2C283D-5868-4329-B86E-060ADF68734C}"
EndProject
Project("{FAE04EC0-301F-11D3-BF4B-00C04F79EFBC}") = "WpfApp", "WpfApp\WpfApp.csproj", "{88939F1B-5677-49B1-BC07-71605598494A}"
EndProject
Project("{2150E333-8FDC-42A3-9474-1A3956D46DE8}") = "docs", "docs", "{29C0B188-A742-43FB-A624-FC4CE83A527F}"
	ProjectSection(SolutionItems) = preProject
		CHANGELOG.md = CHANGELOG.md
		LICENSE.md = LICENSE.md
		README.md = README.md
	EndProjectSection
EndProject
Project("{2150E333-8FDC-42A3-9474-1A3956D46DE8}") = "deprecated", "deprecated", "{C5046DF4-B9BA-468E-A7DE-811832273104}"
EndProject
Project("{2150E333-8FDC-42A3-9474-1A3956D46DE8}") = "test", "test", "{2CFFF257-3B7E-471C-8F24-A3FFB796AC3D}"
	ProjectSection(SolutionItems) = preProject
		test\cli-commandos.md = test\cli-commandos.md
		test\Readme.md = test\Readme.md
		test\template - clientcertificate and passphrase.eap-config = test\template - clientcertificate and passphrase.eap-config
		test\template - credentials.eap-config = test\template - credentials.eap-config
		test\template - passphrase.eap-config = test\template - passphrase.eap-config
	EndProjectSection
EndProject
Project("{9A19103F-16F7-4668-BE54-9A1E7A4F7556}") = "EduRoam.Localization", "EduRoam.Localization\EduRoam.Localization.csproj", "{A13E5E20-857E-49ED-B307-BB2A73896902}"
EndProject
Project("{9A19103F-16F7-4668-BE54-9A1E7A4F7556}") = "EduRoam.Connect", "EduRoam.Connect\EduRoam.Connect.csproj", "{738D8145-AE85-4D16-9DDB-CE6F7825434D}"
EndProject
Project("{FAE04EC0-301F-11D3-BF4B-00C04F79EFBC}") = "App.Library", "App.Library\App.Library.csproj", "{5EDD4A2F-2B8F-4878-B3BD-8234F2C7BA0D}"
EndProject
Project("{FAE04EC0-301F-11D3-BF4B-00C04F79EFBC}") = "Eduroam.App", "Eduroam.App\Eduroam.App.csproj", "{DBA968DC-F3CB-4C0C-A957-B99C6CF71AE4}"
EndProject
Project("{FAE04EC0-301F-11D3-BF4B-00C04F79EFBC}") = "Govroam.App", "Govroam.App\Govroam.App.csproj", "{A78CE888-4E84-4788-9B90-6DB2CE64E949}"
EndProject
Project("{FAE04EC0-301F-11D3-BF4B-00C04F79EFBC}") = "EduRoam.CLI", "EduRoam.CLI\EduRoam.CLI.csproj", "{4657E4BD-FFEB-42BB-BAE2-4EFE553CBA96}"
EndProject
Project("{2150E333-8FDC-42A3-9474-1A3956D46DE8}") = "tools", "tools", "{6E59533B-0393-4FC5-993F-3133A80B558A}"
	ProjectSection(SolutionItems) = preProject
		FodyWeavers.xml = FodyWeavers.xml
	EndProjectSection
EndProject
Global
	GlobalSection(SolutionConfigurationPlatforms) = preSolution
		Debug|Any CPU = Debug|Any CPU
		Debug|ARM32 = Debug|ARM32
		Debug|x64 = Debug|x64
		Debug|x86 = Debug|x86
		DebugArm|Any CPU = DebugArm|Any CPU
		DebugArm|ARM32 = DebugArm|ARM32
		DebugArm|x64 = DebugArm|x64
		DebugArm|x86 = DebugArm|x86
		Release|Any CPU = Release|Any CPU
		Release|ARM32 = Release|ARM32
		Release|x64 = Release|x64
		Release|x86 = Release|x86
	EndGlobalSection
	GlobalSection(ProjectConfigurationPlatforms) = postSolution
		{8D2C283D-5868-4329-B86E-060ADF68734C}.Debug|Any CPU.ActiveCfg = Debug|Any CPU
		{8D2C283D-5868-4329-B86E-060ADF68734C}.Debug|Any CPU.Build.0 = Debug|Any CPU
		{8D2C283D-5868-4329-B86E-060ADF68734C}.Debug|ARM32.ActiveCfg = Debug|Any CPU
		{8D2C283D-5868-4329-B86E-060ADF68734C}.Debug|ARM32.Build.0 = Debug|Any CPU
		{8D2C283D-5868-4329-B86E-060ADF68734C}.Debug|x64.ActiveCfg = Debug|Any CPU
		{8D2C283D-5868-4329-B86E-060ADF68734C}.Debug|x64.Build.0 = Debug|Any CPU
		{8D2C283D-5868-4329-B86E-060ADF68734C}.Debug|x86.ActiveCfg = Debug|Any CPU
		{8D2C283D-5868-4329-B86E-060ADF68734C}.Debug|x86.Build.0 = Debug|Any CPU
		{8D2C283D-5868-4329-B86E-060ADF68734C}.DebugArm|Any CPU.ActiveCfg = Debug|Any CPU
		{8D2C283D-5868-4329-B86E-060ADF68734C}.DebugArm|Any CPU.Build.0 = Debug|Any CPU
		{8D2C283D-5868-4329-B86E-060ADF68734C}.DebugArm|ARM32.ActiveCfg = Debug|Any CPU
		{8D2C283D-5868-4329-B86E-060ADF68734C}.DebugArm|ARM32.Build.0 = Debug|Any CPU
		{8D2C283D-5868-4329-B86E-060ADF68734C}.DebugArm|x64.ActiveCfg = Debug|Any CPU
		{8D2C283D-5868-4329-B86E-060ADF68734C}.DebugArm|x64.Build.0 = Debug|Any CPU
		{8D2C283D-5868-4329-B86E-060ADF68734C}.DebugArm|x86.ActiveCfg = Debug|Any CPU
		{8D2C283D-5868-4329-B86E-060ADF68734C}.DebugArm|x86.Build.0 = Debug|Any CPU
		{8D2C283D-5868-4329-B86E-060ADF68734C}.Release|Any CPU.ActiveCfg = Release|Any CPU
		{8D2C283D-5868-4329-B86E-060ADF68734C}.Release|Any CPU.Build.0 = Release|Any CPU
		{8D2C283D-5868-4329-B86E-060ADF68734C}.Release|ARM32.ActiveCfg = Release|Any CPU
		{8D2C283D-5868-4329-B86E-060ADF68734C}.Release|ARM32.Build.0 = Release|Any CPU
		{8D2C283D-5868-4329-B86E-060ADF68734C}.Release|x64.ActiveCfg = Release|Any CPU
		{8D2C283D-5868-4329-B86E-060ADF68734C}.Release|x64.Build.0 = Release|Any CPU
		{8D2C283D-5868-4329-B86E-060ADF68734C}.Release|x86.ActiveCfg = Release|Any CPU
		{8D2C283D-5868-4329-B86E-060ADF68734C}.Release|x86.Build.0 = Release|Any CPU
		{88939F1B-5677-49B1-BC07-71605598494A}.Debug|Any CPU.ActiveCfg = Debug|Any CPU
		{88939F1B-5677-49B1-BC07-71605598494A}.Debug|Any CPU.Build.0 = Debug|Any CPU
		{88939F1B-5677-49B1-BC07-71605598494A}.Debug|ARM32.ActiveCfg = Debug|Any CPU
		{88939F1B-5677-49B1-BC07-71605598494A}.Debug|ARM32.Build.0 = Debug|Any CPU
		{88939F1B-5677-49B1-BC07-71605598494A}.Debug|x64.ActiveCfg = Debug|Any CPU
		{88939F1B-5677-49B1-BC07-71605598494A}.Debug|x64.Build.0 = Debug|Any CPU
		{88939F1B-5677-49B1-BC07-71605598494A}.Debug|x86.ActiveCfg = Debug|Any CPU
		{88939F1B-5677-49B1-BC07-71605598494A}.Debug|x86.Build.0 = Debug|Any CPU
		{88939F1B-5677-49B1-BC07-71605598494A}.DebugArm|Any CPU.ActiveCfg = Debug|Any CPU
		{88939F1B-5677-49B1-BC07-71605598494A}.DebugArm|Any CPU.Build.0 = Debug|Any CPU
		{88939F1B-5677-49B1-BC07-71605598494A}.DebugArm|ARM32.ActiveCfg = Debug|Any CPU
		{88939F1B-5677-49B1-BC07-71605598494A}.DebugArm|ARM32.Build.0 = Debug|Any CPU
		{88939F1B-5677-49B1-BC07-71605598494A}.DebugArm|x64.ActiveCfg = Debug|Any CPU
		{88939F1B-5677-49B1-BC07-71605598494A}.DebugArm|x64.Build.0 = Debug|Any CPU
		{88939F1B-5677-49B1-BC07-71605598494A}.DebugArm|x86.ActiveCfg = Debug|Any CPU
		{88939F1B-5677-49B1-BC07-71605598494A}.DebugArm|x86.Build.0 = Debug|Any CPU
		{88939F1B-5677-49B1-BC07-71605598494A}.Release|Any CPU.ActiveCfg = Release|Any CPU
		{88939F1B-5677-49B1-BC07-71605598494A}.Release|Any CPU.Build.0 = Release|Any CPU
		{88939F1B-5677-49B1-BC07-71605598494A}.Release|ARM32.ActiveCfg = Release|Any CPU
		{88939F1B-5677-49B1-BC07-71605598494A}.Release|ARM32.Build.0 = Release|Any CPU
		{88939F1B-5677-49B1-BC07-71605598494A}.Release|x64.ActiveCfg = Release|Any CPU
		{88939F1B-5677-49B1-BC07-71605598494A}.Release|x64.Build.0 = Release|Any CPU
		{88939F1B-5677-49B1-BC07-71605598494A}.Release|x86.ActiveCfg = Release|Any CPU
		{88939F1B-5677-49B1-BC07-71605598494A}.Release|x86.Build.0 = Release|Any CPU
		{A13E5E20-857E-49ED-B307-BB2A73896902}.Debug|Any CPU.ActiveCfg = Debug|Any CPU
		{A13E5E20-857E-49ED-B307-BB2A73896902}.Debug|Any CPU.Build.0 = Debug|Any CPU
		{A13E5E20-857E-49ED-B307-BB2A73896902}.Debug|ARM32.ActiveCfg = Debug|Any CPU
		{A13E5E20-857E-49ED-B307-BB2A73896902}.Debug|ARM32.Build.0 = Debug|Any CPU
		{A13E5E20-857E-49ED-B307-BB2A73896902}.Debug|x64.ActiveCfg = Debug|Any CPU
		{A13E5E20-857E-49ED-B307-BB2A73896902}.Debug|x64.Build.0 = Debug|Any CPU
		{A13E5E20-857E-49ED-B307-BB2A73896902}.Debug|x86.ActiveCfg = Debug|Any CPU
		{A13E5E20-857E-49ED-B307-BB2A73896902}.Debug|x86.Build.0 = Debug|Any CPU
		{A13E5E20-857E-49ED-B307-BB2A73896902}.DebugArm|Any CPU.ActiveCfg = Debug|Any CPU
		{A13E5E20-857E-49ED-B307-BB2A73896902}.DebugArm|Any CPU.Build.0 = Debug|Any CPU
		{A13E5E20-857E-49ED-B307-BB2A73896902}.DebugArm|ARM32.ActiveCfg = Debug|Any CPU
		{A13E5E20-857E-49ED-B307-BB2A73896902}.DebugArm|ARM32.Build.0 = Debug|Any CPU
		{A13E5E20-857E-49ED-B307-BB2A73896902}.DebugArm|x64.ActiveCfg = Debug|Any CPU
		{A13E5E20-857E-49ED-B307-BB2A73896902}.DebugArm|x64.Build.0 = Debug|Any CPU
		{A13E5E20-857E-49ED-B307-BB2A73896902}.DebugArm|x86.ActiveCfg = Debug|Any CPU
		{A13E5E20-857E-49ED-B307-BB2A73896902}.DebugArm|x86.Build.0 = Debug|Any CPU
		{A13E5E20-857E-49ED-B307-BB2A73896902}.Release|Any CPU.ActiveCfg = Release|Any CPU
		{A13E5E20-857E-49ED-B307-BB2A73896902}.Release|Any CPU.Build.0 = Release|Any CPU
		{A13E5E20-857E-49ED-B307-BB2A73896902}.Release|ARM32.ActiveCfg = Release|Any CPU
		{A13E5E20-857E-49ED-B307-BB2A73896902}.Release|ARM32.Build.0 = Release|Any CPU
		{A13E5E20-857E-49ED-B307-BB2A73896902}.Release|x64.ActiveCfg = Release|Any CPU
		{A13E5E20-857E-49ED-B307-BB2A73896902}.Release|x64.Build.0 = Release|Any CPU
		{A13E5E20-857E-49ED-B307-BB2A73896902}.Release|x86.ActiveCfg = Release|Any CPU
		{A13E5E20-857E-49ED-B307-BB2A73896902}.Release|x86.Build.0 = Release|Any CPU
		{738D8145-AE85-4D16-9DDB-CE6F7825434D}.Debug|Any CPU.ActiveCfg = Debug|Any CPU
		{738D8145-AE85-4D16-9DDB-CE6F7825434D}.Debug|Any CPU.Build.0 = Debug|Any CPU
		{738D8145-AE85-4D16-9DDB-CE6F7825434D}.Debug|ARM32.ActiveCfg = Debug|Any CPU
		{738D8145-AE85-4D16-9DDB-CE6F7825434D}.Debug|ARM32.Build.0 = Debug|Any CPU
		{738D8145-AE85-4D16-9DDB-CE6F7825434D}.Debug|x64.ActiveCfg = Debug|Any CPU
		{738D8145-AE85-4D16-9DDB-CE6F7825434D}.Debug|x64.Build.0 = Debug|Any CPU
		{738D8145-AE85-4D16-9DDB-CE6F7825434D}.Debug|x86.ActiveCfg = Debug|Any CPU
		{738D8145-AE85-4D16-9DDB-CE6F7825434D}.Debug|x86.Build.0 = Debug|Any CPU
		{738D8145-AE85-4D16-9DDB-CE6F7825434D}.DebugArm|Any CPU.ActiveCfg = Debug|Any CPU
		{738D8145-AE85-4D16-9DDB-CE6F7825434D}.DebugArm|Any CPU.Build.0 = Debug|Any CPU
		{738D8145-AE85-4D16-9DDB-CE6F7825434D}.DebugArm|ARM32.ActiveCfg = Debug|Any CPU
		{738D8145-AE85-4D16-9DDB-CE6F7825434D}.DebugArm|ARM32.Build.0 = Debug|Any CPU
		{738D8145-AE85-4D16-9DDB-CE6F7825434D}.DebugArm|x64.ActiveCfg = Debug|Any CPU
		{738D8145-AE85-4D16-9DDB-CE6F7825434D}.DebugArm|x64.Build.0 = Debug|Any CPU
		{738D8145-AE85-4D16-9DDB-CE6F7825434D}.DebugArm|x86.ActiveCfg = Debug|Any CPU
		{738D8145-AE85-4D16-9DDB-CE6F7825434D}.DebugArm|x86.Build.0 = Debug|Any CPU
		{738D8145-AE85-4D16-9DDB-CE6F7825434D}.Release|Any CPU.ActiveCfg = Release|Any CPU
		{738D8145-AE85-4D16-9DDB-CE6F7825434D}.Release|Any CPU.Build.0 = Release|Any CPU
		{738D8145-AE85-4D16-9DDB-CE6F7825434D}.Release|ARM32.ActiveCfg = Release|Any CPU
		{738D8145-AE85-4D16-9DDB-CE6F7825434D}.Release|ARM32.Build.0 = Release|Any CPU
		{738D8145-AE85-4D16-9DDB-CE6F7825434D}.Release|x64.ActiveCfg = Release|Any CPU
		{738D8145-AE85-4D16-9DDB-CE6F7825434D}.Release|x64.Build.0 = Release|Any CPU
		{738D8145-AE85-4D16-9DDB-CE6F7825434D}.Release|x86.ActiveCfg = Release|Any CPU
		{738D8145-AE85-4D16-9DDB-CE6F7825434D}.Release|x86.Build.0 = Release|Any CPU
		{5EDD4A2F-2B8F-4878-B3BD-8234F2C7BA0D}.Debug|Any CPU.ActiveCfg = Debug|Any CPU
		{5EDD4A2F-2B8F-4878-B3BD-8234F2C7BA0D}.Debug|Any CPU.Build.0 = Debug|Any CPU
		{5EDD4A2F-2B8F-4878-B3BD-8234F2C7BA0D}.Debug|ARM32.ActiveCfg = Debug|Any CPU
		{5EDD4A2F-2B8F-4878-B3BD-8234F2C7BA0D}.Debug|ARM32.Build.0 = Debug|Any CPU
		{5EDD4A2F-2B8F-4878-B3BD-8234F2C7BA0D}.Debug|x64.ActiveCfg = Debug|Any CPU
		{5EDD4A2F-2B8F-4878-B3BD-8234F2C7BA0D}.Debug|x64.Build.0 = Debug|Any CPU
		{5EDD4A2F-2B8F-4878-B3BD-8234F2C7BA0D}.Debug|x86.ActiveCfg = Debug|Any CPU
		{5EDD4A2F-2B8F-4878-B3BD-8234F2C7BA0D}.Debug|x86.Build.0 = Debug|Any CPU
		{5EDD4A2F-2B8F-4878-B3BD-8234F2C7BA0D}.DebugArm|Any CPU.ActiveCfg = Debug|Any CPU
		{5EDD4A2F-2B8F-4878-B3BD-8234F2C7BA0D}.DebugArm|Any CPU.Build.0 = Debug|Any CPU
		{5EDD4A2F-2B8F-4878-B3BD-8234F2C7BA0D}.DebugArm|ARM32.ActiveCfg = Debug|Any CPU
		{5EDD4A2F-2B8F-4878-B3BD-8234F2C7BA0D}.DebugArm|ARM32.Build.0 = Debug|Any CPU
		{5EDD4A2F-2B8F-4878-B3BD-8234F2C7BA0D}.DebugArm|x64.ActiveCfg = Debug|Any CPU
		{5EDD4A2F-2B8F-4878-B3BD-8234F2C7BA0D}.DebugArm|x64.Build.0 = Debug|Any CPU
		{5EDD4A2F-2B8F-4878-B3BD-8234F2C7BA0D}.DebugArm|x86.ActiveCfg = Debug|Any CPU
		{5EDD4A2F-2B8F-4878-B3BD-8234F2C7BA0D}.DebugArm|x86.Build.0 = Debug|Any CPU
		{5EDD4A2F-2B8F-4878-B3BD-8234F2C7BA0D}.Release|Any CPU.ActiveCfg = Release|Any CPU
		{5EDD4A2F-2B8F-4878-B3BD-8234F2C7BA0D}.Release|Any CPU.Build.0 = Release|Any CPU
		{5EDD4A2F-2B8F-4878-B3BD-8234F2C7BA0D}.Release|ARM32.ActiveCfg = Release|Any CPU
		{5EDD4A2F-2B8F-4878-B3BD-8234F2C7BA0D}.Release|ARM32.Build.0 = Release|Any CPU
		{5EDD4A2F-2B8F-4878-B3BD-8234F2C7BA0D}.Release|x64.ActiveCfg = Release|Any CPU
		{5EDD4A2F-2B8F-4878-B3BD-8234F2C7BA0D}.Release|x64.Build.0 = Release|Any CPU
		{5EDD4A2F-2B8F-4878-B3BD-8234F2C7BA0D}.Release|x86.ActiveCfg = Release|Any CPU
		{5EDD4A2F-2B8F-4878-B3BD-8234F2C7BA0D}.Release|x86.Build.0 = Release|Any CPU
		{DBA968DC-F3CB-4C0C-A957-B99C6CF71AE4}.Debug|Any CPU.ActiveCfg = Debug|Any CPU
		{DBA968DC-F3CB-4C0C-A957-B99C6CF71AE4}.Debug|Any CPU.Build.0 = Debug|Any CPU
		{DBA968DC-F3CB-4C0C-A957-B99C6CF71AE4}.Debug|ARM32.ActiveCfg = Debug|Any CPU
		{DBA968DC-F3CB-4C0C-A957-B99C6CF71AE4}.Debug|ARM32.Build.0 = Debug|Any CPU
		{DBA968DC-F3CB-4C0C-A957-B99C6CF71AE4}.Debug|x64.ActiveCfg = Debug|Any CPU
		{DBA968DC-F3CB-4C0C-A957-B99C6CF71AE4}.Debug|x64.Build.0 = Debug|Any CPU
		{DBA968DC-F3CB-4C0C-A957-B99C6CF71AE4}.Debug|x86.ActiveCfg = Debug|Any CPU
		{DBA968DC-F3CB-4C0C-A957-B99C6CF71AE4}.Debug|x86.Build.0 = Debug|Any CPU
		{DBA968DC-F3CB-4C0C-A957-B99C6CF71AE4}.DebugArm|Any CPU.ActiveCfg = Debug|Any CPU
		{DBA968DC-F3CB-4C0C-A957-B99C6CF71AE4}.DebugArm|Any CPU.Build.0 = Debug|Any CPU
		{DBA968DC-F3CB-4C0C-A957-B99C6CF71AE4}.DebugArm|ARM32.ActiveCfg = Debug|Any CPU
		{DBA968DC-F3CB-4C0C-A957-B99C6CF71AE4}.DebugArm|ARM32.Build.0 = Debug|Any CPU
		{DBA968DC-F3CB-4C0C-A957-B99C6CF71AE4}.DebugArm|x64.ActiveCfg = Debug|Any CPU
		{DBA968DC-F3CB-4C0C-A957-B99C6CF71AE4}.DebugArm|x64.Build.0 = Debug|Any CPU
		{DBA968DC-F3CB-4C0C-A957-B99C6CF71AE4}.DebugArm|x86.ActiveCfg = Debug|Any CPU
		{DBA968DC-F3CB-4C0C-A957-B99C6CF71AE4}.DebugArm|x86.Build.0 = Debug|Any CPU
		{DBA968DC-F3CB-4C0C-A957-B99C6CF71AE4}.Release|Any CPU.ActiveCfg = Release|Any CPU
		{DBA968DC-F3CB-4C0C-A957-B99C6CF71AE4}.Release|Any CPU.Build.0 = Release|Any CPU
		{DBA968DC-F3CB-4C0C-A957-B99C6CF71AE4}.Release|ARM32.ActiveCfg = Release|Any CPU
		{DBA968DC-F3CB-4C0C-A957-B99C6CF71AE4}.Release|ARM32.Build.0 = Release|Any CPU
		{DBA968DC-F3CB-4C0C-A957-B99C6CF71AE4}.Release|x64.ActiveCfg = Release|Any CPU
		{DBA968DC-F3CB-4C0C-A957-B99C6CF71AE4}.Release|x64.Build.0 = Release|Any CPU
		{DBA968DC-F3CB-4C0C-A957-B99C6CF71AE4}.Release|x86.ActiveCfg = Release|Any CPU
		{DBA968DC-F3CB-4C0C-A957-B99C6CF71AE4}.Release|x86.Build.0 = Release|Any CPU
		{A78CE888-4E84-4788-9B90-6DB2CE64E949}.Debug|Any CPU.ActiveCfg = Debug|Any CPU
		{A78CE888-4E84-4788-9B90-6DB2CE64E949}.Debug|Any CPU.Build.0 = Debug|Any CPU
		{A78CE888-4E84-4788-9B90-6DB2CE64E949}.Debug|ARM32.ActiveCfg = Debug|Any CPU
		{A78CE888-4E84-4788-9B90-6DB2CE64E949}.Debug|ARM32.Build.0 = Debug|Any CPU
		{A78CE888-4E84-4788-9B90-6DB2CE64E949}.Debug|x64.ActiveCfg = Debug|Any CPU
		{A78CE888-4E84-4788-9B90-6DB2CE64E949}.Debug|x64.Build.0 = Debug|Any CPU
		{A78CE888-4E84-4788-9B90-6DB2CE64E949}.Debug|x86.ActiveCfg = Debug|Any CPU
		{A78CE888-4E84-4788-9B90-6DB2CE64E949}.Debug|x86.Build.0 = Debug|Any CPU
		{A78CE888-4E84-4788-9B90-6DB2CE64E949}.DebugArm|Any CPU.ActiveCfg = Debug|Any CPU
		{A78CE888-4E84-4788-9B90-6DB2CE64E949}.DebugArm|Any CPU.Build.0 = Debug|Any CPU
		{A78CE888-4E84-4788-9B90-6DB2CE64E949}.DebugArm|ARM32.ActiveCfg = Debug|Any CPU
		{A78CE888-4E84-4788-9B90-6DB2CE64E949}.DebugArm|ARM32.Build.0 = Debug|Any CPU
		{A78CE888-4E84-4788-9B90-6DB2CE64E949}.DebugArm|x64.ActiveCfg = Debug|Any CPU
		{A78CE888-4E84-4788-9B90-6DB2CE64E949}.DebugArm|x64.Build.0 = Debug|Any CPU
		{A78CE888-4E84-4788-9B90-6DB2CE64E949}.DebugArm|x86.ActiveCfg = Debug|Any CPU
		{A78CE888-4E84-4788-9B90-6DB2CE64E949}.DebugArm|x86.Build.0 = Debug|Any CPU
		{A78CE888-4E84-4788-9B90-6DB2CE64E949}.Release|Any CPU.ActiveCfg = Release|Any CPU
		{A78CE888-4E84-4788-9B90-6DB2CE64E949}.Release|Any CPU.Build.0 = Release|Any CPU
		{A78CE888-4E84-4788-9B90-6DB2CE64E949}.Release|ARM32.ActiveCfg = Release|Any CPU
		{A78CE888-4E84-4788-9B90-6DB2CE64E949}.Release|ARM32.Build.0 = Release|Any CPU
		{A78CE888-4E84-4788-9B90-6DB2CE64E949}.Release|x64.ActiveCfg = Release|Any CPU
		{A78CE888-4E84-4788-9B90-6DB2CE64E949}.Release|x64.Build.0 = Release|Any CPU
		{A78CE888-4E84-4788-9B90-6DB2CE64E949}.Release|x86.ActiveCfg = Release|Any CPU
		{A78CE888-4E84-4788-9B90-6DB2CE64E949}.Release|x86.Build.0 = Release|Any CPU
		{4657E4BD-FFEB-42BB-BAE2-4EFE553CBA96}.Debug|Any CPU.ActiveCfg = Debug|Any CPU
		{4657E4BD-FFEB-42BB-BAE2-4EFE553CBA96}.Debug|Any CPU.Build.0 = Debug|Any CPU
		{4657E4BD-FFEB-42BB-BAE2-4EFE553CBA96}.Debug|ARM32.ActiveCfg = Debug|Any CPU
		{4657E4BD-FFEB-42BB-BAE2-4EFE553CBA96}.Debug|ARM32.Build.0 = Debug|Any CPU
		{4657E4BD-FFEB-42BB-BAE2-4EFE553CBA96}.Debug|x64.ActiveCfg = Debug|Any CPU
		{4657E4BD-FFEB-42BB-BAE2-4EFE553CBA96}.Debug|x64.Build.0 = Debug|Any CPU
		{4657E4BD-FFEB-42BB-BAE2-4EFE553CBA96}.Debug|x86.ActiveCfg = Debug|Any CPU
		{4657E4BD-FFEB-42BB-BAE2-4EFE553CBA96}.Debug|x86.Build.0 = Debug|Any CPU
		{4657E4BD-FFEB-42BB-BAE2-4EFE553CBA96}.DebugArm|Any CPU.ActiveCfg = Debug|Any CPU
		{4657E4BD-FFEB-42BB-BAE2-4EFE553CBA96}.DebugArm|Any CPU.Build.0 = Debug|Any CPU
		{4657E4BD-FFEB-42BB-BAE2-4EFE553CBA96}.DebugArm|ARM32.ActiveCfg = Debug|Any CPU
		{4657E4BD-FFEB-42BB-BAE2-4EFE553CBA96}.DebugArm|ARM32.Build.0 = Debug|Any CPU
		{4657E4BD-FFEB-42BB-BAE2-4EFE553CBA96}.DebugArm|x64.ActiveCfg = Debug|Any CPU
		{4657E4BD-FFEB-42BB-BAE2-4EFE553CBA96}.DebugArm|x64.Build.0 = Debug|Any CPU
		{4657E4BD-FFEB-42BB-BAE2-4EFE553CBA96}.DebugArm|x86.ActiveCfg = Debug|Any CPU
		{4657E4BD-FFEB-42BB-BAE2-4EFE553CBA96}.DebugArm|x86.Build.0 = Debug|Any CPU
		{4657E4BD-FFEB-42BB-BAE2-4EFE553CBA96}.Release|Any CPU.ActiveCfg = Release|Any CPU
		{4657E4BD-FFEB-42BB-BAE2-4EFE553CBA96}.Release|Any CPU.Build.0 = Release|Any CPU
		{4657E4BD-FFEB-42BB-BAE2-4EFE553CBA96}.Release|ARM32.ActiveCfg = Release|Any CPU
		{4657E4BD-FFEB-42BB-BAE2-4EFE553CBA96}.Release|ARM32.Build.0 = Release|Any CPU
		{4657E4BD-FFEB-42BB-BAE2-4EFE553CBA96}.Release|x64.ActiveCfg = Release|Any CPU
		{4657E4BD-FFEB-42BB-BAE2-4EFE553CBA96}.Release|x64.Build.0 = Release|Any CPU
		{4657E4BD-FFEB-42BB-BAE2-4EFE553CBA96}.Release|x86.ActiveCfg = Release|Any CPU
		{4657E4BD-FFEB-42BB-BAE2-4EFE553CBA96}.Release|x86.Build.0 = Release|Any CPU
	EndGlobalSection
	GlobalSection(SolutionProperties) = preSolution
		HideSolutionNode = FALSE
	EndGlobalSection
	GlobalSection(NestedProjects) = preSolution
		{8D2C283D-5868-4329-B86E-060ADF68734C} = {C5046DF4-B9BA-468E-A7DE-811832273104}
		{88939F1B-5677-49B1-BC07-71605598494A} = {C5046DF4-B9BA-468E-A7DE-811832273104}
	EndGlobalSection
	GlobalSection(ExtensibilityGlobals) = postSolution
		SolutionGuid = {4E267844-5CE0-4636-A8E5-5821B83D9864}
	EndGlobalSection
EndGlobal
